
Microsoft Visual Studio Solution File, Format Version 12.00
# Visual Studio Version 17
VisualStudioVersion = 17.1.32210.238
MinimumVisualStudioVersion = 10.0.40219.1
Project("{FAE04EC0-301F-11D3-BF4B-00C04F79EFBC}") = "lab10", "lab10\lab10.csproj", "{CA022D73-9839-4660-B743-8547A6B67D08}"
EndProject
Global
	GlobalSection(SolutionConfigurationPlatforms) = preSolution
		Debug|Any CPU = Debug|Any CPU
		Release|Any CPU = Release|Any CPU
	EndGlobalSection
	GlobalSection(ProjectConfigurationPlatforms) = postSolution
		{CA022D73-9839-4660-B743-8547A6B67D08}.Debug|Any CPU.ActiveCfg = Debug|Any CPU
		{CA022D73-9839-4660-B743-8547A6B67D08}.Debug|Any CPU.Build.0 = Debug|Any CPU
		{CA022D73-9839-4660-B743-8547A6B67D08}.Release|Any CPU.ActiveCfg = Release|Any CPU
		{CA022D73-9839-4660-B743-8547A6B67D08}.Release|Any CPU.Build.0 = Release|Any CPU
	EndGlobalSection
	GlobalSection(SolutionProperties) = preSolution
		HideSolutionNode = FALSE
	EndGlobalSection
	GlobalSection(ExtensibilityGlobals) = postSolution
		SolutionGuid = {02E9BA1E-6FC8-49A4-9811-EED6C1655BBB}
	EndGlobalSection
EndGlobal
